
Microsoft Visual Studio Solution File, Format Version 12.00
# Visual Studio 15
Project("{FAE04EC0-301F-11D3-BF4B-00C04F79EFBC}") = "Assembly-CSharp", "Assembly-CSharp.csproj", "{99830D45-F2F6-B5E2-A7E3-F596A1EF507A}"
EndProject
Project("{FAE04EC0-301F-11D3-BF4B-00C04F79EFBC}") = "UnityEngine.TestRunner", "UnityEngine.TestRunner.csproj", "{1FB80D41-5934-FF65-8177-729F3E18FB7C}"
EndProject
Project("{FAE04EC0-301F-11D3-BF4B-00C04F79EFBC}") = "Unity.Mathematics", "Unity.Mathematics.csproj", "{6BDA2F64-454A-EE0C-C099-5941212B230D}"
EndProject
Project("{FAE04EC0-301F-11D3-BF4B-00C04F79EFBC}") = "Unity.Timeline", "Unity.Timeline.csproj", "{6AD8D4D6-1B40-4D93-1D7D-7C8E1C1A079D}"
EndProject
Project("{FAE04EC0-301F-11D3-BF4B-00C04F79EFBC}") = "Unity.TextMeshPro", "Unity.TextMeshPro.csproj", "{DBB12EA9-3820-A3DD-E615-E611FF0A4A93}"
EndProject
Project("{FAE04EC0-301F-11D3-BF4B-00C04F79EFBC}") = "Unity.2D.Animation.Runtime", "Unity.2D.Animation.Runtime.csproj", "{8A5B0B04-8B94-2803-C721-7BC66AF33AEC}"
EndProject
Project("{FAE04EC0-301F-11D3-BF4B-00C04F79EFBC}") = "Unity.2D.IK.Runtime", "Unity.2D.IK.Runtime.csproj", "{C93A590E-4654-2CDF-C85A-FD95AF950281}"
EndProject
Project("{FAE04EC0-301F-11D3-BF4B-00C04F79EFBC}") = "Unity.2D.SpriteShape.Runtime", "Unity.2D.SpriteShape.Runtime.csproj", "{EEEEF7D1-5BDB-9B06-B58C-FC0E2F6B972D}"
EndProject
Project("{FAE04EC0-301F-11D3-BF4B-00C04F79EFBC}") = "Unity.2D.PixelPerfect", "Unity.2D.PixelPerfect.csproj", "{D11D3EF2-7135-543C-A049-8E105AAE4A5D}"
EndProject
Project("{FAE04EC0-301F-11D3-BF4B-00C04F79EFBC}") = "Unity.2D.Common.Runtime", "Unity.2D.Common.Runtime.csproj", "{E4DF4770-24F7-CB31-F9E7-D93AFBE98593}"
EndProject
Project("{FAE04EC0-301F-11D3-BF4B-00C04F79EFBC}") = "Unity.InternalAPIEngineBridge.001", "Unity.InternalAPIEngineBridge.001.csproj", "{41A5F480-8D3E-ADEE-5E46-84EEBCAFD080}"
EndProject
Project("{FAE04EC0-301F-11D3-BF4B-00C04F79EFBC}") = "UnityEditor.TestRunner", "UnityEditor.TestRunner.csproj", "{F62E305A-A3AC-718C-B1E8-534177F9C235}"
EndProject
Project("{FAE04EC0-301F-11D3-BF4B-00C04F79EFBC}") = "Unity.PlasticSCM.Editor", "Unity.PlasticSCM.Editor.csproj", "{89E17BAC-00F1-8682-0E93-A05712617D67}"
EndProject
Project("{FAE04EC0-301F-11D3-BF4B-00C04F79EFBC}") = "Unity.2D.Animation.Triangle.Editor", "Unity.2D.Animation.Triangle.Editor.csproj", "{10FB6B00-7377-7A75-457D-34BEE06CA80D}"
EndProject
Project("{FAE04EC0-301F-11D3-BF4B-00C04F79EFBC}") = "Unity.Services.Core.Editor", "Unity.Services.Core.Editor.csproj", "{A9C904A7-C0E0-DD26-C9D9-39FEEF0E7602}"
EndProject
Project("{FAE04EC0-301F-11D3-BF4B-00C04F79EFBC}") = "Unity.Timeline.Editor", "Unity.Timeline.Editor.csproj", "{DB3AF544-094C-30B5-8AF6-BFAE133E5652}"
EndProject
Project("{FAE04EC0-301F-11D3-BF4B-00C04F79EFBC}") = "Unity.VisualStudio.Editor", "Unity.VisualStudio.Editor.csproj", "{BDA8F818-8314-DF77-BF34-58A5B6DC72DE}"
EndProject
Project("{FAE04EC0-301F-11D3-BF4B-00C04F79EFBC}") = "Unity.2D.Psdimporter.Editor", "Unity.2D.Psdimporter.Editor.csproj", "{BFB97E1B-47D0-8C39-6E6D-043D0CEDD282}"
EndProject
Project("{FAE04EC0-301F-11D3-BF4B-00C04F79EFBC}") = "Unity.2D.Animation.Editor", "Unity.2D.Animation.Editor.csproj", "{B5719D63-99C7-2BDD-E075-F8809FB0F844}"
EndProject
Project("{FAE04EC0-301F-11D3-BF4B-00C04F79EFBC}") = "Unity.TextMeshPro.Editor", "Unity.TextMeshPro.Editor.csproj", "{7AB8D561-5F37-E990-2176-7133FF86CBE8}"
EndProject
Project("{FAE04EC0-301F-11D3-BF4B-00C04F79EFBC}") = "Unity.2D.SpriteShape.Editor", "Unity.2D.SpriteShape.Editor.csproj", "{E40F3740-8BDE-AF67-EF1B-7DF009D7B69E}"
EndProject
Project("{FAE04EC0-301F-11D3-BF4B-00C04F79EFBC}") = "Unity.CollabProxy.Editor", "Unity.CollabProxy.Editor.csproj", "{BF4FB3CB-427E-54F5-A49B-954290C121CD}"
EndProject
Project("{FAE04EC0-301F-11D3-BF4B-00C04F79EFBC}") = "PsdPlugin", "PsdPlugin.csproj", "{BE1AC9C9-27A0-B191-2EDA-B4A8E74F356F}"
EndProject
Project("{FAE04EC0-301F-11D3-BF4B-00C04F79EFBC}") = "Unity.2D.Path.Editor", "Unity.2D.Path.Editor.csproj", "{CDEC4B92-C95F-3C83-47C0-6509BB99416D}"
EndProject
Project("{FAE04EC0-301F-11D3-BF4B-00C04F79EFBC}") = "Unity.Rider.Editor", "Unity.Rider.Editor.csproj", "{B906B590-C56F-109E-7164-162CAAA56DDE}"
EndProject
Project("{FAE04EC0-301F-11D3-BF4B-00C04F79EFBC}") = "Unity.2D.IK.Editor", "Unity.2D.IK.Editor.csproj", "{CC29A119-9FDC-550B-6095-0839FE260E29}"
EndProject
Project("{FAE04EC0-301F-11D3-BF4B-00C04F79EFBC}") = "Unity.2D.PixelPerfect.Editor", "Unity.2D.PixelPerfect.Editor.csproj", "{278FD163-26E4-29B2-44DC-2A41DF8A8AEB}"
EndProject
Project("{FAE04EC0-301F-11D3-BF4B-00C04F79EFBC}") = "Unity.VSCode.Editor", "Unity.VSCode.Editor.csproj", "{3BCF45C7-8BAC-3844-4C14-A66C14B004F6}"
EndProject
Project("{FAE04EC0-301F-11D3-BF4B-00C04F79EFBC}") = "Unity.2D.Common.Editor", "Unity.2D.Common.Editor.csproj", "{680CD49B-CB37-1E21-98BF-D0DE5FEA8B5F}"
EndProject
Project("{FAE04EC0-301F-11D3-BF4B-00C04F79EFBC}") = "Unity.Mathematics.Editor", "Unity.Mathematics.Editor.csproj", "{A6CB1910-3003-4405-09FE-3A2002F78304}"
EndProject
Project("{FAE04EC0-301F-11D3-BF4B-00C04F79EFBC}") = "Unity.InternalAPIEditorBridge.001", "Unity.InternalAPIEditorBridge.001.csproj", "{F0DCF9AE-5D01-6140-0FBC-7C838EFC2181}"
EndProject
Project("{FAE04EC0-301F-11D3-BF4B-00C04F79EFBC}") = "Assembly-CSharp-Editor", "Assembly-CSharp-Editor.csproj", "{D42D4F14-D2D0-561D-BEF6-867EA7C2D617}"
EndProject
Global
	GlobalSection(SolutionConfigurationPlatforms) = preSolution
		Debug|Any CPU = Debug|Any CPU
		Release|Any CPU = Release|Any CPU
	EndGlobalSection
	GlobalSection(ProjectConfigurationPlatforms) = postSolution
		{99830D45-F2F6-B5E2-A7E3-F596A1EF507A}.Debug|Any CPU.ActiveCfg = Debug|Any CPU
		{99830D45-F2F6-B5E2-A7E3-F596A1EF507A}.Debug|Any CPU.Build.0 = Debug|Any CPU
		{99830D45-F2F6-B5E2-A7E3-F596A1EF507A}.Release|Any CPU.ActiveCfg = Release|Any CPU
		{99830D45-F2F6-B5E2-A7E3-F596A1EF507A}.Release|Any CPU.Build.0 = Release|Any CPU
		{1FB80D41-5934-FF65-8177-729F3E18FB7C}.Debug|Any CPU.ActiveCfg = Debug|Any CPU
		{1FB80D41-5934-FF65-8177-729F3E18FB7C}.Debug|Any CPU.Build.0 = Debug|Any CPU
		{1FB80D41-5934-FF65-8177-729F3E18FB7C}.Release|Any CPU.ActiveCfg = Release|Any CPU
		{1FB80D41-5934-FF65-8177-729F3E18FB7C}.Release|Any CPU.Build.0 = Release|Any CPU
		{6BDA2F64-454A-EE0C-C099-5941212B230D}.Debug|Any CPU.ActiveCfg = Debug|Any CPU
		{6BDA2F64-454A-EE0C-C099-5941212B230D}.Debug|Any CPU.Build.0 = Debug|Any CPU
		{6BDA2F64-454A-EE0C-C099-5941212B230D}.Release|Any CPU.ActiveCfg = Release|Any CPU
		{6BDA2F64-454A-EE0C-C099-5941212B230D}.Release|Any CPU.Build.0 = Release|Any CPU
		{6AD8D4D6-1B40-4D93-1D7D-7C8E1C1A079D}.Debug|Any CPU.ActiveCfg = Debug|Any CPU
		{6AD8D4D6-1B40-4D93-1D7D-7C8E1C1A079D}.Debug|Any CPU.Build.0 = Debug|Any CPU
		{6AD8D4D6-1B40-4D93-1D7D-7C8E1C1A079D}.Release|Any CPU.ActiveCfg = Release|Any CPU
		{6AD8D4D6-1B40-4D93-1D7D-7C8E1C1A079D}.Release|Any CPU.Build.0 = Release|Any CPU
		{DBB12EA9-3820-A3DD-E615-E611FF0A4A93}.Debug|Any CPU.ActiveCfg = Debug|Any CPU
		{DBB12EA9-3820-A3DD-E615-E611FF0A4A93}.Debug|Any CPU.Build.0 = Debug|Any CPU
		{DBB12EA9-3820-A3DD-E615-E611FF0A4A93}.Release|Any CPU.ActiveCfg = Release|Any CPU
		{DBB12EA9-3820-A3DD-E615-E611FF0A4A93}.Release|Any CPU.Build.0 = Release|Any CPU
		{8A5B0B04-8B94-2803-C721-7BC66AF33AEC}.Debug|Any CPU.ActiveCfg = Debug|Any CPU
		{8A5B0B04-8B94-2803-C721-7BC66AF33AEC}.Debug|Any CPU.Build.0 = Debug|Any CPU
		{8A5B0B04-8B94-2803-C721-7BC66AF33AEC}.Release|Any CPU.ActiveCfg = Release|Any CPU
		{8A5B0B04-8B94-2803-C721-7BC66AF33AEC}.Release|Any CPU.Build.0 = Release|Any CPU
		{C93A590E-4654-2CDF-C85A-FD95AF950281}.Debug|Any CPU.ActiveCfg = Debug|Any CPU
		{C93A590E-4654-2CDF-C85A-FD95AF950281}.Debug|Any CPU.Build.0 = Debug|Any CPU
		{C93A590E-4654-2CDF-C85A-FD95AF950281}.Release|Any CPU.ActiveCfg = Release|Any CPU
		{C93A590E-4654-2CDF-C85A-FD95AF950281}.Release|Any CPU.Build.0 = Release|Any CPU
		{EEEEF7D1-5BDB-9B06-B58C-FC0E2F6B972D}.Debug|Any CPU.ActiveCfg = Debug|Any CPU
		{EEEEF7D1-5BDB-9B06-B58C-FC0E2F6B972D}.Debug|Any CPU.Build.0 = Debug|Any CPU
		{EEEEF7D1-5BDB-9B06-B58C-FC0E2F6B972D}.Release|Any CPU.ActiveCfg = Release|Any CPU
		{EEEEF7D1-5BDB-9B06-B58C-FC0E2F6B972D}.Release|Any CPU.Build.0 = Release|Any CPU
		{D11D3EF2-7135-543C-A049-8E105AAE4A5D}.Debug|Any CPU.ActiveCfg = Debug|Any CPU
		{D11D3EF2-7135-543C-A049-8E105AAE4A5D}.Debug|Any CPU.Build.0 = Debug|Any CPU
		{D11D3EF2-7135-543C-A049-8E105AAE4A5D}.Release|Any CPU.ActiveCfg = Release|Any CPU
		{D11D3EF2-7135-543C-A049-8E105AAE4A5D}.Release|Any CPU.Build.0 = Release|Any CPU
		{E4DF4770-24F7-CB31-F9E7-D93AFBE98593}.Debug|Any CPU.ActiveCfg = Debug|Any CPU
		{E4DF4770-24F7-CB31-F9E7-D93AFBE98593}.Debug|Any CPU.Build.0 = Debug|Any CPU
		{E4DF4770-24F7-CB31-F9E7-D93AFBE98593}.Release|Any CPU.ActiveCfg = Release|Any CPU
		{E4DF4770-24F7-CB31-F9E7-D93AFBE98593}.Release|Any CPU.Build.0 = Release|Any CPU
		{41A5F480-8D3E-ADEE-5E46-84EEBCAFD080}.Debug|Any CPU.ActiveCfg = Debug|Any CPU
		{41A5F480-8D3E-ADEE-5E46-84EEBCAFD080}.Debug|Any CPU.Build.0 = Debug|Any CPU
		{41A5F480-8D3E-ADEE-5E46-84EEBCAFD080}.Release|Any CPU.ActiveCfg = Release|Any CPU
		{41A5F480-8D3E-ADEE-5E46-84EEBCAFD080}.Release|Any CPU.Build.0 = Release|Any CPU
		{F62E305A-A3AC-718C-B1E8-534177F9C235}.Debug|Any CPU.ActiveCfg = Debug|Any CPU
		{F62E305A-A3AC-718C-B1E8-534177F9C235}.Debug|Any CPU.Build.0 = Debug|Any CPU
		{F62E305A-A3AC-718C-B1E8-534177F9C235}.Release|Any CPU.ActiveCfg = Release|Any CPU
		{F62E305A-A3AC-718C-B1E8-534177F9C235}.Release|Any CPU.Build.0 = Release|Any CPU
		{89E17BAC-00F1-8682-0E93-A05712617D67}.Debug|Any CPU.ActiveCfg = Debug|Any CPU
		{89E17BAC-00F1-8682-0E93-A05712617D67}.Debug|Any CPU.Build.0 = Debug|Any CPU
		{89E17BAC-00F1-8682-0E93-A05712617D67}.Release|Any CPU.ActiveCfg = Release|Any CPU
		{89E17BAC-00F1-8682-0E93-A05712617D67}.Release|Any CPU.Build.0 = Release|Any CPU
		{10FB6B00-7377-7A75-457D-34BEE06CA80D}.Debug|Any CPU.ActiveCfg = Debug|Any CPU
		{10FB6B00-7377-7A75-457D-34BEE06CA80D}.Debug|Any CPU.Build.0 = Debug|Any CPU
		{10FB6B00-7377-7A75-457D-34BEE06CA80D}.Release|Any CPU.ActiveCfg = Release|Any CPU
		{10FB6B00-7377-7A75-457D-34BEE06CA80D}.Release|Any CPU.Build.0 = Release|Any CPU
		{A9C904A7-C0E0-DD26-C9D9-39FEEF0E7602}.Debug|Any CPU.ActiveCfg = Debug|Any CPU
		{A9C904A7-C0E0-DD26-C9D9-39FEEF0E7602}.Debug|Any CPU.Build.0 = Debug|Any CPU
		{A9C904A7-C0E0-DD26-C9D9-39FEEF0E7602}.Release|Any CPU.ActiveCfg = Release|Any CPU
		{A9C904A7-C0E0-DD26-C9D9-39FEEF0E7602}.Release|Any CPU.Build.0 = Release|Any CPU
		{DB3AF544-094C-30B5-8AF6-BFAE133E5652}.Debug|Any CPU.ActiveCfg = Debug|Any CPU
		{DB3AF544-094C-30B5-8AF6-BFAE133E5652}.Debug|Any CPU.Build.0 = Debug|Any CPU
		{DB3AF544-094C-30B5-8AF6-BFAE133E5652}.Release|Any CPU.ActiveCfg = Release|Any CPU
		{DB3AF544-094C-30B5-8AF6-BFAE133E5652}.Release|Any CPU.Build.0 = Release|Any CPU
		{BDA8F818-8314-DF77-BF34-58A5B6DC72DE}.Debug|Any CPU.ActiveCfg = Debug|Any CPU
		{BDA8F818-8314-DF77-BF34-58A5B6DC72DE}.Debug|Any CPU.Build.0 = Debug|Any CPU
		{BDA8F818-8314-DF77-BF34-58A5B6DC72DE}.Release|Any CPU.ActiveCfg = Release|Any CPU
		{BDA8F818-8314-DF77-BF34-58A5B6DC72DE}.Release|Any CPU.Build.0 = Release|Any CPU
		{BFB97E1B-47D0-8C39-6E6D-043D0CEDD282}.Debug|Any CPU.ActiveCfg = Debug|Any CPU
		{BFB97E1B-47D0-8C39-6E6D-043D0CEDD282}.Debug|Any CPU.Build.0 = Debug|Any CPU
		{BFB97E1B-47D0-8C39-6E6D-043D0CEDD282}.Release|Any CPU.ActiveCfg = Release|Any CPU
		{BFB97E1B-47D0-8C39-6E6D-043D0CEDD282}.Release|Any CPU.Build.0 = Release|Any CPU
		{B5719D63-99C7-2BDD-E075-F8809FB0F844}.Debug|Any CPU.ActiveCfg = Debug|Any CPU
		{B5719D63-99C7-2BDD-E075-F8809FB0F844}.Debug|Any CPU.Build.0 = Debug|Any CPU
		{B5719D63-99C7-2BDD-E075-F8809FB0F844}.Release|Any CPU.ActiveCfg = Release|Any CPU
		{B5719D63-99C7-2BDD-E075-F8809FB0F844}.Release|Any CPU.Build.0 = Release|Any CPU
		{7AB8D561-5F37-E990-2176-7133FF86CBE8}.Debug|Any CPU.ActiveCfg = Debug|Any CPU
		{7AB8D561-5F37-E990-2176-7133FF86CBE8}.Debug|Any CPU.Build.0 = Debug|Any CPU
		{7AB8D561-5F37-E990-2176-7133FF86CBE8}.Release|Any CPU.ActiveCfg = Release|Any CPU
		{7AB8D561-5F37-E990-2176-7133FF86CBE8}.Release|Any CPU.Build.0 = Release|Any CPU
		{E40F3740-8BDE-AF67-EF1B-7DF009D7B69E}.Debug|Any CPU.ActiveCfg = Debug|Any CPU
		{E40F3740-8BDE-AF67-EF1B-7DF009D7B69E}.Debug|Any CPU.Build.0 = Debug|Any CPU
		{E40F3740-8BDE-AF67-EF1B-7DF009D7B69E}.Release|Any CPU.ActiveCfg = Release|Any CPU
		{E40F3740-8BDE-AF67-EF1B-7DF009D7B69E}.Release|Any CPU.Build.0 = Release|Any CPU
		{BF4FB3CB-427E-54F5-A49B-954290C121CD}.Debug|Any CPU.ActiveCfg = Debug|Any CPU
		{BF4FB3CB-427E-54F5-A49B-954290C121CD}.Debug|Any CPU.Build.0 = Debug|Any CPU
		{BF4FB3CB-427E-54F5-A49B-954290C121CD}.Release|Any CPU.ActiveCfg = Release|Any CPU
		{BF4FB3CB-427E-54F5-A49B-954290C121CD}.Release|Any CPU.Build.0 = Release|Any CPU
		{BE1AC9C9-27A0-B191-2EDA-B4A8E74F356F}.Debug|Any CPU.ActiveCfg = Debug|Any CPU
		{BE1AC9C9-27A0-B191-2EDA-B4A8E74F356F}.Debug|Any CPU.Build.0 = Debug|Any CPU
		{BE1AC9C9-27A0-B191-2EDA-B4A8E74F356F}.Release|Any CPU.ActiveCfg = Release|Any CPU
		{BE1AC9C9-27A0-B191-2EDA-B4A8E74F356F}.Release|Any CPU.Build.0 = Release|Any CPU
		{CDEC4B92-C95F-3C83-47C0-6509BB99416D}.Debug|Any CPU.ActiveCfg = Debug|Any CPU
		{CDEC4B92-C95F-3C83-47C0-6509BB99416D}.Debug|Any CPU.Build.0 = Debug|Any CPU
		{CDEC4B92-C95F-3C83-47C0-6509BB99416D}.Release|Any CPU.ActiveCfg = Release|Any CPU
		{CDEC4B92-C95F-3C83-47C0-6509BB99416D}.Release|Any CPU.Build.0 = Release|Any CPU
		{B906B590-C56F-109E-7164-162CAAA56DDE}.Debug|Any CPU.ActiveCfg = Debug|Any CPU
		{B906B590-C56F-109E-7164-162CAAA56DDE}.Debug|Any CPU.Build.0 = Debug|Any CPU
		{B906B590-C56F-109E-7164-162CAAA56DDE}.Release|Any CPU.ActiveCfg = Release|Any CPU
		{B906B590-C56F-109E-7164-162CAAA56DDE}.Release|Any CPU.Build.0 = Release|Any CPU
		{CC29A119-9FDC-550B-6095-0839FE260E29}.Debug|Any CPU.ActiveCfg = Debug|Any CPU
		{CC29A119-9FDC-550B-6095-0839FE260E29}.Debug|Any CPU.Build.0 = Debug|Any CPU
		{CC29A119-9FDC-550B-6095-0839FE260E29}.Release|Any CPU.ActiveCfg = Release|Any CPU
		{CC29A119-9FDC-550B-6095-0839FE260E29}.Release|Any CPU.Build.0 = Release|Any CPU
		{278FD163-26E4-29B2-44DC-2A41DF8A8AEB}.Debug|Any CPU.ActiveCfg = Debug|Any CPU
		{278FD163-26E4-29B2-44DC-2A41DF8A8AEB}.Debug|Any CPU.Build.0 = Debug|Any CPU
		{278FD163-26E4-29B2-44DC-2A41DF8A8AEB}.Release|Any CPU.ActiveCfg = Release|Any CPU
		{278FD163-26E4-29B2-44DC-2A41DF8A8AEB}.Release|Any CPU.Build.0 = Release|Any CPU
		{3BCF45C7-8BAC-3844-4C14-A66C14B004F6}.Debug|Any CPU.ActiveCfg = Debug|Any CPU
		{3BCF45C7-8BAC-3844-4C14-A66C14B004F6}.Debug|Any CPU.Build.0 = Debug|Any CPU
		{3BCF45C7-8BAC-3844-4C14-A66C14B004F6}.Release|Any CPU.ActiveCfg = Release|Any CPU
		{3BCF45C7-8BAC-3844-4C14-A66C14B004F6}.Release|Any CPU.Build.0 = Release|Any CPU
		{680CD49B-CB37-1E21-98BF-D0DE5FEA8B5F}.Debug|Any CPU.ActiveCfg = Debug|Any CPU
		{680CD49B-CB37-1E21-98BF-D0DE5FEA8B5F}.Debug|Any CPU.Build.0 = Debug|Any CPU
		{680CD49B-CB37-1E21-98BF-D0DE5FEA8B5F}.Release|Any CPU.ActiveCfg = Release|Any CPU
		{680CD49B-CB37-1E21-98BF-D0DE5FEA8B5F}.Release|Any CPU.Build.0 = Release|Any CPU
		{A6CB1910-3003-4405-09FE-3A2002F78304}.Debug|Any CPU.ActiveCfg = Debug|Any CPU
		{A6CB1910-3003-4405-09FE-3A2002F78304}.Debug|Any CPU.Build.0 = Debug|Any CPU
		{A6CB1910-3003-4405-09FE-3A2002F78304}.Release|Any CPU.ActiveCfg = Release|Any CPU
		{A6CB1910-3003-4405-09FE-3A2002F78304}.Release|Any CPU.Build.0 = Release|Any CPU
		{F0DCF9AE-5D01-6140-0FBC-7C838EFC2181}.Debug|Any CPU.ActiveCfg = Debug|Any CPU
		{F0DCF9AE-5D01-6140-0FBC-7C838EFC2181}.Debug|Any CPU.Build.0 = Debug|Any CPU
		{F0DCF9AE-5D01-6140-0FBC-7C838EFC2181}.Release|Any CPU.ActiveCfg = Release|Any CPU
		{F0DCF9AE-5D01-6140-0FBC-7C838EFC2181}.Release|Any CPU.Build.0 = Release|Any CPU
		{D42D4F14-D2D0-561D-BEF6-867EA7C2D617}.Debug|Any CPU.ActiveCfg = Debug|Any CPU
		{D42D4F14-D2D0-561D-BEF6-867EA7C2D617}.Debug|Any CPU.Build.0 = Debug|Any CPU
		{D42D4F14-D2D0-561D-BEF6-867EA7C2D617}.Release|Any CPU.ActiveCfg = Release|Any CPU
		{D42D4F14-D2D0-561D-BEF6-867EA7C2D617}.Release|Any CPU.Build.0 = Release|Any CPU
	EndGlobalSection
	GlobalSection(SolutionProperties) = preSolution
		HideSolutionNode = FALSE
	EndGlobalSection
EndGlobal
